{
  "version": 4,
  "terraform_version": "0.12.7",
  "serial": 107,
  "lineage": "c67dbd0f-d24f-cf6f-6055-081d21b408b3",
  "outputs": {
    "rds-entpoint": {
      "value": "aurora-cluster.cluster-cqjriwf9z8o6.ap-northeast-1.rds.amazonaws.com",
      "type": "string"
    },
    "rds-entpoint-ro": {
      "value": "aurora-cluster.cluster-ro-cqjriwf9z8o6.ap-northeast-1.rds.amazonaws.com",
      "type": "string"
    }
  },
  "resources": [
    {
      "mode": "data",
      "type": "aws_ami",
      "name": "amzn2",
      "provider": "provider.aws",
      "instances": [
        {
          "schema_version": 0,
          "attributes": {
            "architecture": "x86_64",
            "arn": "arn:aws:ec2:ap-northeast-1::image/ami-06ad9296e6cf1e3cf",
            "block_device_mappings": [
              {
                "device_name": "/dev/xvda",
                "ebs": {
                  "delete_on_termination": "true",
                  "encrypted": "false",
                  "iops": "0",
                  "snapshot_id": "snap-09775bee95bb729cd",
                  "volume_size": "8",
                  "volume_type": "gp2"
                },
                "no_device": "",
                "virtual_name": ""
              }
            ],
            "creation_date": "2020-06-23T06:09:26.000Z",
            "description": "Amazon Linux 2 AMI 2.0.20200617.0 x86_64 HVM gp2",
            "executable_users": null,
            "filter": [
              {
                "name": "name",
                "values": [
                  "amzn2-ami-hvm-*-x86_64-gp2"
                ]
              }
            ],
            "hypervisor": "xen",
            "id": "ami-06ad9296e6cf1e3cf",
            "image_id": "ami-06ad9296e6cf1e3cf",
            "image_location": "amazon/amzn2-ami-hvm-2.0.20200617.0-x86_64-gp2",
            "image_owner_alias": "amazon",
            "image_type": "machine",
            "kernel_id": null,
            "most_recent": true,
            "name": "amzn2-ami-hvm-2.0.20200617.0-x86_64-gp2",
            "name_regex": null,
            "owner_id": "137112412989",
            "owners": [
              "amazon"
            ],
            "platform": null,
            "product_codes": [],
            "public": true,
            "ramdisk_id": null,
            "root_device_name": "/dev/xvda",
            "root_device_type": "ebs",
            "root_snapshot_id": "snap-09775bee95bb729cd",
            "sriov_net_support": "simple",
            "state": "available",
            "state_reason": {
              "code": "UNSET",
              "message": "UNSET"
            },
            "tags": {},
            "virtualization_type": "hvm"
          }
        }
      ]
    },
    {
      "mode": "managed",
      "type": "aws_db_parameter_group",
      "name": "db-pmtgrp",
      "provider": "provider.aws",
      "instances": [
        {
          "schema_version": 0,
          "attributes": {
            "arn": "arn:aws:rds:ap-northeast-1:507009835379:pg:db-pmtgrp",
            "description": "RDS parameter group",
            "family": "aurora-mysql5.7",
            "id": "db-pmtgrp",
            "name": "db-pmtgrp",
            "name_prefix": null,
            "parameter": [],
            "tags": {}
          },
          "private": "bnVsbA=="
        }
      ]
    },
    {
      "mode": "managed",
      "type": "aws_db_subnet_group",
      "name": "db-subgrp",
      "provider": "provider.aws",
      "instances": [
        {
          "schema_version": 0,
          "attributes": {
            "arn": "arn:aws:rds:ap-northeast-1:507009835379:subgrp:db-dubgrp",
            "description": "Managed by Terraform",
            "id": "db-dubgrp",
            "name": "db-dubgrp",
            "name_prefix": null,
            "subnet_ids": [
              "subnet-05f67b1035ba38ffa",
              "subnet-08f99611525c90c5e"
            ],
            "tags": {
              "Name": "db-subnet-group"
            }
          },
          "private": "bnVsbA==",
          "depends_on": [
            "aws_subnet.dbsub-a",
            "aws_subnet.dbsub-c"
          ]
        }
      ]
    },
    {
      "mode": "managed",
      "type": "aws_eip",
      "name": "ec2-web",
      "provider": "provider.aws",
      "instances": [
        {
          "schema_version": 0,
          "attributes": {
            "allocation_id": null,
            "associate_with_private_ip": null,
            "association_id": "eipassoc-067a3579af5d86a12",
            "customer_owned_ip": "",
            "customer_owned_ipv4_pool": "",
            "domain": "vpc",
            "id": "eipalloc-0587e6b99da01ef79",
            "instance": "i-0ee2c2d80c10e85dc",
            "network_interface": "eni-0d325243bf4795879",
            "private_dns": "ip-10-0-1-109.ap-northeast-1.compute.internal",
            "private_ip": "10.0.1.109",
            "public_dns": "ec2-54-248-169-60.ap-northeast-1.compute.amazonaws.com",
            "public_ip": "54.248.169.60",
            "public_ipv4_pool": "amazon",
            "tags": {},
            "timeouts": null,
            "vpc": true
          },
          "private": "eyJlMmJmYjczMC1lY2FhLTExZTYtOGY4OC0zNDM2M2JjN2M0YzAiOnsiZGVsZXRlIjoxODAwMDAwMDAwMDAsInJlYWQiOjkwMDAwMDAwMDAwMCwidXBkYXRlIjozMDAwMDAwMDAwMDB9fQ==",
          "depends_on": [
            "aws_instance.web"
          ]
        }
      ]
    },
    {
      "mode": "managed",
      "type": "aws_eip",
      "name": "ngw",
      "provider": "provider.aws",
      "instances": [
        {
          "schema_version": 0,
          "attributes": {
            "allocation_id": null,
            "associate_with_private_ip": null,
            "association_id": "eipassoc-055d878666a3e92a3",
            "customer_owned_ip": "",
            "customer_owned_ipv4_pool": "",
            "domain": "vpc",
            "id": "eipalloc-06bb34425f11a703b",
            "instance": "",
            "network_interface": "eni-05215d20956e2a17a",
            "private_dns": "ip-10-0-1-49.ap-northeast-1.compute.internal",
            "private_ip": "10.0.1.49",
            "public_dns": "ec2-54-65-18-229.ap-northeast-1.compute.amazonaws.com",
            "public_ip": "54.65.18.229",
            "public_ipv4_pool": "amazon",
            "tags": {},
            "timeouts": null,
            "vpc": true
          },
          "private": "eyJlMmJmYjczMC1lY2FhLTExZTYtOGY4OC0zNDM2M2JjN2M0YzAiOnsiZGVsZXRlIjoxODAwMDAwMDAwMDAsInJlYWQiOjkwMDAwMDAwMDAwMCwidXBkYXRlIjozMDAwMDAwMDAwMDB9fQ=="
        }
      ]
    },
    {
      "mode": "managed",
      "type": "aws_instance",
      "name": "ap",
      "provider": "provider.aws",
      "instances": [
        {
          "schema_version": 1,
          "attributes": {
            "ami": "ami-06ad9296e6cf1e3cf",
            "arn": "arn:aws:ec2:ap-northeast-1:507009835379:instance/i-0c522749db8efb2c2",
            "associate_public_ip_address": false,
            "availability_zone": "ap-northeast-1a",
            "cpu_core_count": 1,
            "cpu_threads_per_core": 1,
            "credit_specification": [
              {
                "cpu_credits": "standard"
              }
            ],
            "disable_api_termination": false,
            "ebs_block_device": [],
            "ebs_optimized": false,
            "ephemeral_block_device": [],
            "get_password_data": false,
            "hibernation": false,
            "host_id": null,
            "iam_instance_profile": "",
            "id": "i-0c522749db8efb2c2",
            "instance_initiated_shutdown_behavior": null,
            "instance_state": "running",
            "instance_type": "t2.micro",
            "ipv6_address_count": 0,
            "ipv6_addresses": [],
            "key_name": "terraform_ap_id_rsa.pub",
            "metadata_options": [
              {
                "http_endpoint": "enabled",
                "http_put_response_hop_limit": 1,
                "http_tokens": "optional"
              }
            ],
            "monitoring": false,
            "network_interface": [],
            "network_interface_id": null,
            "outpost_arn": "",
            "password_data": "",
            "placement_group": "",
            "primary_network_interface_id": "eni-046d00a42f52111b1",
            "private_dns": "ip-10-0-2-70.ap-northeast-1.compute.internal",
            "private_ip": "10.0.2.70",
            "public_dns": "",
            "public_ip": "",
            "root_block_device": [
              {
                "delete_on_termination": true,
                "device_name": "/dev/xvda",
                "encrypted": false,
                "iops": 100,
                "kms_key_id": "",
                "volume_id": "vol-026ba84da7306b755",
                "volume_size": 8,
                "volume_type": "gp2"
              }
            ],
            "security_groups": [],
            "source_dest_check": true,
            "subnet_id": "subnet-0df11a8061534b927",
            "tags": {
              "Name": "ap-instance"
            },
            "tenancy": "default",
            "timeouts": null,
            "user_data": "b15686b55be22ba664cb54a000628dee5f0a7fa5",
            "user_data_base64": null,
            "volume_tags": {},
            "vpc_security_group_ids": [
              "sg-07b77a625157ba0ef"
            ]
          },
          "private": "eyJlMmJmYjczMC1lY2FhLTExZTYtOGY4OC0zNDM2M2JjN2M0YzAiOnsiY3JlYXRlIjo2MDAwMDAwMDAwMDAsImRlbGV0ZSI6MTIwMDAwMDAwMDAwMCwidXBkYXRlIjo2MDAwMDAwMDAwMDB9LCJzY2hlbWFfdmVyc2lvbiI6IjEifQ==",
          "depends_on": [
            "aws_key_pair.auth-app",
            "aws_security_group.priv-a",
            "aws_subnet.private-a",
            "data.aws_ami.amzn2"
          ]
        }
      ]
    },
    {
      "mode": "managed",
      "type": "aws_instance",
      "name": "web",
      "provider": "provider.aws",
      "instances": [
        {
          "schema_version": 1,
          "attributes": {
            "ami": "ami-06ad9296e6cf1e3cf",
            "arn": "arn:aws:ec2:ap-northeast-1:507009835379:instance/i-0ee2c2d80c10e85dc",
            "associate_public_ip_address": true,
            "availability_zone": "ap-northeast-1a",
            "cpu_core_count": 1,
            "cpu_threads_per_core": 1,
            "credit_specification": [
              {
                "cpu_credits": "standard"
              }
            ],
            "disable_api_termination": false,
            "ebs_block_device": [],
            "ebs_optimized": false,
            "ephemeral_block_device": [],
            "get_password_data": false,
            "hibernation": false,
            "host_id": null,
            "iam_instance_profile": "",
            "id": "i-0ee2c2d80c10e85dc",
            "instance_initiated_shutdown_behavior": null,
            "instance_state": "running",
            "instance_type": "t2.micro",
            "ipv6_address_count": 0,
            "ipv6_addresses": [],
            "key_name": "terraformkey.pem",
            "metadata_options": [
              {
                "http_endpoint": "enabled",
                "http_put_response_hop_limit": 1,
                "http_tokens": "optional"
              }
            ],
            "monitoring": false,
            "network_interface": [],
            "network_interface_id": null,
            "outpost_arn": "",
            "password_data": "",
            "placement_group": "",
            "primary_network_interface_id": "eni-0d325243bf4795879",
            "private_dns": "ip-10-0-1-109.ap-northeast-1.compute.internal",
            "private_ip": "10.0.1.109",
            "public_dns": "ec2-54-248-169-60.ap-northeast-1.compute.amazonaws.com",
            "public_ip": "54.248.169.60",
            "root_block_device": [
              {
                "delete_on_termination": true,
                "device_name": "/dev/xvda",
                "encrypted": false,
                "iops": 100,
                "kms_key_id": "",
                "volume_id": "vol-0b43e6e26b737274c",
                "volume_size": 8,
                "volume_type": "gp2"
              }
            ],
            "security_groups": [],
            "source_dest_check": true,
            "subnet_id": "subnet-0b934c70b6b439cd6",
            "tags": {
              "Name": "web-instance"
            },
            "tenancy": "default",
            "timeouts": null,
            "user_data": "e20d7ba3e99f25fe2acadebbf4efaa0c1a722dc6",
            "user_data_base64": null,
            "volume_tags": {},
            "vpc_security_group_ids": [
              "sg-0364c6d9089c8a63d"
            ]
          },
          "private": "eyJlMmJmYjczMC1lY2FhLTExZTYtOGY4OC0zNDM2M2JjN2M0YzAiOnsiY3JlYXRlIjo2MDAwMDAwMDAwMDAsImRlbGV0ZSI6MTIwMDAwMDAwMDAwMCwidXBkYXRlIjo2MDAwMDAwMDAwMDB9LCJzY2hlbWFfdmVyc2lvbiI6IjEifQ==",
          "depends_on": [
            "aws_key_pair.auth",
            "aws_security_group.pub-a",
            "aws_subnet.public-a",
            "data.aws_ami.amzn2"
          ]
        }
      ]
    },
    {
      "mode": "managed",
      "type": "aws_internet_gateway",
      "name": "igw",
      "provider": "provider.aws",
      "instances": [
        {
          "schema_version": 0,
          "attributes": {
            "arn": "arn:aws:ec2:ap-northeast-1:507009835379:internet-gateway/igw-0271655400c5128da",
            "id": "igw-0271655400c5128da",
            "owner_id": "507009835379",
            "tags": {
              "Name": "igw"
            },
            "vpc_id": "vpc-0e239b10f8a6bfdc9"
          },
          "private": "bnVsbA==",
          "depends_on": [
            "aws_vpc.vpc"
          ]
        }
      ]
    },
    {
      "mode": "managed",
      "type": "aws_key_pair",
      "name": "auth",
      "provider": "provider.aws",
      "instances": [
        {
          "schema_version": 1,
          "attributes": {
            "arn": "arn:aws:ec2:ap-northeast-1:507009835379:key-pair/terraformkey.pem",
            "fingerprint": "68:41:6d:71:49:00:04:93:ba:39:e3:17:01:bc:02:f1",
            "id": "terraformkey.pem",
            "key_name": "terraformkey.pem",
            "key_name_prefix": null,
            "key_pair_id": "key-03ce6905ea36bbea2",
            "public_key": "ssh-rsa AAAAB3NzaC1yc2EAAAADAQABAAABAQCYxEG8pD9DNHtUT72dwnF7oA0V6p3PddyXp6qii9YVzNobaYhd4EqBr7VzkfHHYqTKsu28g3ykjTxv3ghTNFBYEhBjjabc3+p1FjEERuD2M+kcik0R8bC7xbi08ee7lXCoH24NoXVFfX3Pb/coUaJU1D7vdfJmu0Ab9mRrInfcN6auO4XHTlAFsQpV8wuJzvBMG90CLIKWp7qPG9EYERyasQ7qabFsW3Sb9iR4z9TH56uqIIIQ6qYnh+IHJV5xNQrqXhSmxrq6dkmU0z7M0VA/B7sgoBMHMCl6ZaRv9OmuObgozydWXFmE5BrV3FyKK/ARYL0h+Z6eM5TZJnF9wLQd taakuuyaa@taakuuyaa.local",
            "tags": {}
          },
          "private": "eyJzY2hlbWFfdmVyc2lvbiI6IjEifQ=="
        }
      ]
    },
    {
      "mode": "managed",
      "type": "aws_key_pair",
      "name": "auth-app",
      "provider": "provider.aws",
      "instances": [
        {
          "schema_version": 1,
          "attributes": {
            "arn": "arn:aws:ec2:ap-northeast-1:507009835379:key-pair/terraform_ap_id_rsa.pub",
            "fingerprint": "85:f4:54:c9:e9:6c:2e:07:7e:ea:e4:1f:81:5e:5e:2a",
            "id": "terraform_ap_id_rsa.pub",
            "key_name": "terraform_ap_id_rsa.pub",
            "key_name_prefix": null,
            "key_pair_id": "key-0768b41b882fbb15d",
            "public_key": "ssh-rsa AAAAB3NzaC1yc2EAAAADAQABAAABAQCg+JzMz/fbRtOSsBl8UqT8+XH10uZ+//qNoh9BYmfk8tR4R1KLD7OaVDK1SrkWduRz4+cxKjPhBTLCO0Ea/guw69RfN5cBvxIngDlszF6SzSHYgsppBbLmMMZJCYReNniJnw52RT5ASLWcTrKFCzRwDnbU9xYVO4OisxvCnlQDoZU64BFZsqn5B3XfNahOcj+Xbhmf6KBW0VOVm0ntgOcNhWliW8hNfXrbWLT0NWe6UHBDApOX6/Qcv2dTm0Kp7OKotWbocgXT8TJFOVuFr7fyJIQsLtaGSZLXrLMZ0jA9EdRgt9/bpaYtN752PtlnZ2CrasOD/nzuQ417y/DE6idd taakuuyaa@taakuuyaa.local",
            "tags": {}
          },
          "private": "eyJzY2hlbWFfdmVyc2lvbiI6IjEifQ=="
        }
      ]
    },
    {
      "mode": "managed",
      "type": "aws_nat_gateway",
      "name": "ngw",
      "provider": "provider.aws",
      "instances": [
        {
          "schema_version": 0,
          "attributes": {
            "allocation_id": "eipalloc-06bb34425f11a703b",
            "id": "nat-0935fc3248a21581c",
            "network_interface_id": "eni-05215d20956e2a17a",
            "private_ip": "10.0.1.49",
            "public_ip": "54.65.18.229",
            "subnet_id": "subnet-0b934c70b6b439cd6",
            "tags": {
              "Name": "ngw"
            }
          },
          "private": "bnVsbA==",
          "depends_on": [
            "aws_eip.ngw",
            "aws_subnet.public-a"
          ]
        }
      ]
    },
    {
      "mode": "managed",
      "type": "aws_rds_cluster",
      "name": "aurora-clstr",
      "provider": "provider.aws",
      "instances": [
        {
          "schema_version": 0,
          "attributes": {
            "apply_immediately": false,
            "arn": "arn:aws:rds:ap-northeast-1:507009835379:cluster:aurora-cluster",
            "availability_zones": [
              "ap-northeast-1a",
              "ap-northeast-1c",
              "ap-northeast-1d"
            ],
            "backtrack_window": 0,
            "backup_retention_period": 1,
            "cluster_identifier": "aurora-cluster",
            "cluster_identifier_prefix": null,
            "cluster_members": [
              "aurora-cluster-0",
              "aurora-cluster-1"
            ],
            "cluster_resource_id": "cluster-MMDOTPPE3NV35FLCIMKF5WNC6U",
            "copy_tags_to_snapshot": false,
            "database_name": "mydb",
            "db_cluster_parameter_group_name": "db-clstr-pmtgrp",
            "db_subnet_group_name": "db-dubgrp",
            "deletion_protection": false,
            "enable_http_endpoint": false,
            "enabled_cloudwatch_logs_exports": [],
            "endpoint": "aurora-cluster.cluster-cqjriwf9z8o6.ap-northeast-1.rds.amazonaws.com",
            "engine": "aurora-mysql",
            "engine_mode": "provisioned",
            "engine_version": "5.7.mysql_aurora.2.04.4",
            "final_snapshot_identifier": null,
            "global_cluster_identifier": "",
            "hosted_zone_id": "Z24O6O9L7SGTNB",
            "iam_database_authentication_enabled": false,
            "iam_roles": [],
            "id": "aurora-cluster",
            "kms_key_id": "",
            "master_password": "123456Admin5678",
            "master_username": "admin",
            "port": 3306,
            "preferred_backup_window": "16:02-16:32",
            "preferred_maintenance_window": "fri:20:24-fri:20:54",
            "reader_endpoint": "aurora-cluster.cluster-ro-cqjriwf9z8o6.ap-northeast-1.rds.amazonaws.com",
            "replication_source_identifier": "",
            "s3_import": [],
            "scaling_configuration": [],
            "skip_final_snapshot": true,
            "snapshot_identifier": null,
            "source_region": null,
            "storage_encrypted": false,
            "tags": {
              "Name": "aurora-cluster"
            },
            "timeouts": null,
            "vpc_security_group_ids": [
              "sg-06d07b121797005f8"
            ]
          },
          "private": "eyJlMmJmYjczMC1lY2FhLTExZTYtOGY4OC0zNDM2M2JjN2M0YzAiOnsiY3JlYXRlIjo3MjAwMDAwMDAwMDAwLCJkZWxldGUiOjcyMDAwMDAwMDAwMDAsInVwZGF0ZSI6NzIwMDAwMDAwMDAwMH19",
          "depends_on": [
            "aws_db_subnet_group.db-subgrp",
            "aws_rds_cluster_parameter_group.db-clstr-pmtgrp",
            "aws_security_group.rds-sg"
          ]
        }
      ]
    },
    {
      "mode": "managed",
      "type": "aws_rds_cluster_instance",
      "name": "aurora-clstr-inst",
      "each": "list",
      "provider": "provider.aws",
      "instances": [
        {
          "index_key": 0,
          "schema_version": 0,
          "attributes": {
            "apply_immediately": false,
            "arn": "arn:aws:rds:ap-northeast-1:507009835379:db:aurora-cluster-0",
            "auto_minor_version_upgrade": true,
            "availability_zone": "ap-northeast-1a",
            "ca_cert_identifier": "rds-ca-2019",
            "cluster_identifier": "aurora-cluster",
            "copy_tags_to_snapshot": false,
            "db_parameter_group_name": "db-pmtgrp",
            "db_subnet_group_name": "db-dubgrp",
            "dbi_resource_id": "db-AEMF2EYZQNLHLZE7EO7OB3BKSE",
            "endpoint": "aurora-cluster-0.cqjriwf9z8o6.ap-northeast-1.rds.amazonaws.com",
            "engine": "aurora-mysql",
            "engine_version": "5.7.mysql_aurora.2.04.4",
            "id": "aurora-cluster-0",
            "identifier": "aurora-cluster-0",
            "identifier_prefix": null,
            "instance_class": "db.t2.small",
            "kms_key_id": "",
            "monitoring_interval": 0,
            "monitoring_role_arn": "",
            "performance_insights_enabled": false,
            "performance_insights_kms_key_id": "",
            "port": 3306,
            "preferred_backup_window": "16:02-16:32",
            "preferred_maintenance_window": "mon:17:03-mon:17:33",
            "promotion_tier": 0,
            "publicly_accessible": false,
            "storage_encrypted": false,
            "tags": {
              "Name": "aurora-instance"
            },
            "timeouts": null,
            "writer": true
          },
          "private": "eyJlMmJmYjczMC1lY2FhLTExZTYtOGY4OC0zNDM2M2JjN2M0YzAiOnsiY3JlYXRlIjo1NDAwMDAwMDAwMDAwLCJkZWxldGUiOjU0MDAwMDAwMDAwMDAsInVwZGF0ZSI6NTQwMDAwMDAwMDAwMH19",
          "depends_on": [
            "aws_db_parameter_group.db-pmtgrp",
            "aws_db_subnet_group.db-subgrp",
            "aws_rds_cluster.aurora-clstr"
          ]
        },
        {
          "index_key": 1,
          "schema_version": 0,
          "attributes": {
            "apply_immediately": false,
            "arn": "arn:aws:rds:ap-northeast-1:507009835379:db:aurora-cluster-1",
            "auto_minor_version_upgrade": true,
            "availability_zone": "ap-northeast-1c",
            "ca_cert_identifier": "rds-ca-2019",
            "cluster_identifier": "aurora-cluster",
            "copy_tags_to_snapshot": false,
            "db_parameter_group_name": "db-pmtgrp",
            "db_subnet_group_name": "db-dubgrp",
            "dbi_resource_id": "db-DVVZALFEHJBVB4264O2NDHA37I",
            "endpoint": "aurora-cluster-1.cqjriwf9z8o6.ap-northeast-1.rds.amazonaws.com",
            "engine": "aurora-mysql",
            "engine_version": "5.7.mysql_aurora.2.04.4",
            "id": "aurora-cluster-1",
            "identifier": "aurora-cluster-1",
            "identifier_prefix": null,
            "instance_class": "db.t2.small",
            "kms_key_id": "",
            "monitoring_interval": 0,
            "monitoring_role_arn": "",
            "performance_insights_enabled": false,
            "performance_insights_kms_key_id": "",
            "port": 3306,
            "preferred_backup_window": "16:02-16:32",
            "preferred_maintenance_window": "thu:18:10-thu:18:40",
            "promotion_tier": 0,
            "publicly_accessible": false,
            "storage_encrypted": false,
            "tags": {
              "Name": "aurora-instance"
            },
            "timeouts": null,
            "writer": false
          },
          "private": "eyJlMmJmYjczMC1lY2FhLTExZTYtOGY4OC0zNDM2M2JjN2M0YzAiOnsiY3JlYXRlIjo1NDAwMDAwMDAwMDAwLCJkZWxldGUiOjU0MDAwMDAwMDAwMDAsInVwZGF0ZSI6NTQwMDAwMDAwMDAwMH19",
          "depends_on": [
            "aws_db_parameter_group.db-pmtgrp",
            "aws_db_subnet_group.db-subgrp",
            "aws_rds_cluster.aurora-clstr"
          ]
        }
      ]
    },
    {
      "mode": "managed",
      "type": "aws_rds_cluster_parameter_group",
      "name": "db-clstr-pmtgrp",
      "provider": "provider.aws",
      "instances": [
        {
          "schema_version": 0,
          "attributes": {
            "arn": "arn:aws:rds:ap-northeast-1:507009835379:cluster-pg:db-clstr-pmtgrp",
            "description": "RDS cluster parameter group",
            "family": "aurora-mysql5.7",
            "id": "db-clstr-pmtgrp",
            "name": "db-clstr-pmtgrp",
            "name_prefix": null,
            "parameter": [
              {
                "apply_method": "immediate",
                "name": "character_set_client",
                "value": "utf8"
              },
              {
                "apply_method": "immediate",
                "name": "character_set_server",
                "value": "utf8"
              },
              {
                "apply_method": "immediate",
                "name": "time_zone",
                "value": "asia/tokyo"
              }
            ],
            "tags": {}
          },
          "private": "bnVsbA=="
        }
      ]
    },
    {
      "mode": "managed",
      "type": "aws_route53_record",
      "name": "ap-in",
      "provider": "provider.aws",
      "instances": [
        {
          "schema_version": 2,
          "attributes": {
            "alias": [],
            "allow_overwrite": null,
            "failover_routing_policy": [],
            "fqdn": "ap.in.taakuuyaa",
            "geolocation_routing_policy": [],
            "health_check_id": null,
            "id": "Z03498601HGCCD82BACDT_ap.in.taakuuyaa_A",
            "latency_routing_policy": [],
            "multivalue_answer_routing_policy": null,
            "name": "ap.in.taakuuyaa",
            "records": [
              "10.0.2.70"
            ],
            "set_identifier": null,
            "ttl": 300,
            "type": "A",
            "weighted_routing_policy": [],
            "zone_id": "Z03498601HGCCD82BACDT"
          },
          "private": "eyJzY2hlbWFfdmVyc2lvbiI6IjIifQ==",
          "depends_on": [
            "aws_instance.ap",
            "aws_route53_zone.in"
          ]
        }
      ]
    },
    {
      "mode": "managed",
      "type": "aws_route53_record",
      "name": "aurora-clstr-in",
      "provider": "provider.aws",
      "instances": [
        {
          "schema_version": 2,
          "attributes": {
            "alias": [],
            "allow_overwrite": null,
            "failover_routing_policy": [],
            "fqdn": "rds.in.taakuuyaa",
            "geolocation_routing_policy": [],
            "health_check_id": null,
            "id": "Z03498601HGCCD82BACDT_rds.in.taakuuyaa_CNAME",
            "latency_routing_policy": [],
            "multivalue_answer_routing_policy": null,
            "name": "rds.in.taakuuyaa",
            "records": [
              "aurora-cluster.cluster-cqjriwf9z8o6.ap-northeast-1.rds.amazonaws.com"
            ],
            "set_identifier": null,
            "ttl": 300,
            "type": "CNAME",
            "weighted_routing_policy": [],
            "zone_id": "Z03498601HGCCD82BACDT"
          },
          "private": "eyJzY2hlbWFfdmVyc2lvbiI6IjIifQ==",
          "depends_on": [
            "aws_rds_cluster.aurora-clstr",
            "aws_route53_zone.in"
          ]
        }
      ]
    },
    {
      "mode": "managed",
      "type": "aws_route53_record",
      "name": "aurora-clstr-ro-in",
      "provider": "provider.aws",
      "instances": [
        {
          "schema_version": 2,
          "attributes": {
            "alias": [],
            "allow_overwrite": null,
            "failover_routing_policy": [],
            "fqdn": "rds-ro.in.taakuuyaa",
            "geolocation_routing_policy": [],
            "health_check_id": null,
            "id": "Z03498601HGCCD82BACDT_rds-ro.in.taakuuyaa_CNAME",
            "latency_routing_policy": [],
            "multivalue_answer_routing_policy": null,
            "name": "rds-ro.in.taakuuyaa",
            "records": [
              "aurora-cluster.cluster-ro-cqjriwf9z8o6.ap-northeast-1.rds.amazonaws.com"
            ],
            "set_identifier": null,
            "ttl": 300,
            "type": "CNAME",
            "weighted_routing_policy": [],
            "zone_id": "Z03498601HGCCD82BACDT"
          },
          "private": "eyJzY2hlbWFfdmVyc2lvbiI6IjIifQ==",
          "depends_on": [
            "aws_rds_cluster.aurora-clstr",
            "aws_route53_zone.in"
          ]
        }
      ]
    },
    {
      "mode": "managed",
      "type": "aws_route53_record",
      "name": "web",
      "provider": "provider.aws",
      "instances": [
        {
          "schema_version": 2,
          "attributes": {
            "alias": [],
            "allow_overwrite": null,
            "failover_routing_policy": [],
            "fqdn": "taakuuyaa.tk",
            "geolocation_routing_policy": [],
            "health_check_id": "",
            "id": "Z081865425KJTSL1BWKHM_taakuuyaa.tk._A",
            "latency_routing_policy": [],
            "multivalue_answer_routing_policy": null,
            "name": "taakuuyaa.tk",
            "records": [
              "54.248.169.60"
            ],
            "set_identifier": "",
            "ttl": 300,
            "type": "A",
            "weighted_routing_policy": [],
            "zone_id": "Z081865425KJTSL1BWKHM"
          },
          "private": "eyJzY2hlbWFfdmVyc2lvbiI6IjIifQ==",
          "depends_on": [
            "aws_instance.web",
            "aws_route53_zone.taakuuyaa-tk"
          ]
        }
      ]
    },
    {
      "mode": "managed",
      "type": "aws_route53_record",
      "name": "web-in",
      "provider": "provider.aws",
      "instances": [
        {
          "schema_version": 2,
          "attributes": {
            "alias": [],
            "allow_overwrite": null,
            "failover_routing_policy": [],
            "fqdn": "web.in.taakuuyaa",
            "geolocation_routing_policy": [],
            "health_check_id": null,
            "id": "Z03498601HGCCD82BACDT_web.in.taakuuyaa_A",
            "latency_routing_policy": [],
            "multivalue_answer_routing_policy": null,
            "name": "web.in.taakuuyaa",
            "records": [
              "10.0.1.109"
            ],
            "set_identifier": null,
            "ttl": 300,
            "type": "A",
            "weighted_routing_policy": [],
            "zone_id": "Z03498601HGCCD82BACDT"
          },
          "private": "eyJzY2hlbWFfdmVyc2lvbiI6IjIifQ==",
          "depends_on": [
            "aws_instance.web",
            "aws_route53_zone.in"
          ]
        }
      ]
    },
    {
      "mode": "managed",
      "type": "aws_route53_zone",
      "name": "in",
      "provider": "provider.aws",
      "instances": [
        {
          "schema_version": 0,
          "attributes": {
            "comment": "Managed by Terraform",
            "delegation_set_id": "",
            "force_destroy": false,
            "id": "Z03498601HGCCD82BACDT",
            "name": "in.taakuuyaa.",
            "name_servers": [
              "ns-0.awsdns-00.com.",
              "ns-1024.awsdns-00.org.",
              "ns-1536.awsdns-00.co.uk.",
              "ns-512.awsdns-00.net."
            ],
            "tags": {
              "Name": "Internal DNS"
            },
            "vpc": [
              {
                "vpc_id": "vpc-0e239b10f8a6bfdc9",
                "vpc_region": "ap-northeast-1"
              }
            ],
            "vpc_id": null,
            "vpc_region": null,
            "zone_id": "Z03498601HGCCD82BACDT"
          },
          "private": "bnVsbA==",
          "depends_on": [
            "aws_vpc.vpc"
          ]
        }
      ]
    },
    {
      "mode": "managed",
      "type": "aws_route53_zone",
      "name": "taakuuyaa-tk",
      "provider": "provider.aws",
      "instances": [
        {
          "schema_version": 0,
          "attributes": {
            "comment": "Managed by Terraform",
            "delegation_set_id": "",
            "force_destroy": false,
            "id": "Z081865425KJTSL1BWKHM",
            "name": "taakuuyaa.tk.",
            "name_servers": [
              "ns-1274.awsdns-31.org",
              "ns-1600.awsdns-08.co.uk",
              "ns-441.awsdns-55.com",
              "ns-948.awsdns-54.net"
            ],
            "tags": {},
            "vpc": [],
            "vpc_id": null,
            "vpc_region": null,
            "zone_id": "Z081865425KJTSL1BWKHM"
          },
          "private": "bnVsbA=="
        }
      ]
    },
    {
      "mode": "managed",
      "type": "aws_route_table",
      "name": "private-a",
      "provider": "provider.aws",
      "instances": [
        {
          "schema_version": 0,
          "attributes": {
            "id": "rtb-0133abaa6a449a2a7",
            "owner_id": "507009835379",
            "propagating_vgws": [],
            "route": [
              {
                "cidr_block": "0.0.0.0/0",
                "egress_only_gateway_id": "",
                "gateway_id": "",
                "instance_id": "",
                "ipv6_cidr_block": "",
                "nat_gateway_id": "nat-0935fc3248a21581c",
                "network_interface_id": "",
                "transit_gateway_id": "",
                "vpc_peering_connection_id": ""
              }
            ],
            "tags": {
              "Name": "rtb-priv"
            },
            "vpc_id": "vpc-0e239b10f8a6bfdc9"
          },
          "private": "bnVsbA==",
          "depends_on": [
            "aws_nat_gateway.ngw",
            "aws_vpc.vpc"
          ]
        }
      ]
    },
    {
      "mode": "managed",
      "type": "aws_route_table",
      "name": "public-a",
      "provider": "provider.aws",
      "instances": [
        {
          "schema_version": 0,
          "attributes": {
            "id": "rtb-099b78c19c59321bc",
            "owner_id": "507009835379",
            "propagating_vgws": [],
            "route": [
              {
                "cidr_block": "0.0.0.0/0",
                "egress_only_gateway_id": "",
                "gateway_id": "igw-0271655400c5128da",
                "instance_id": "",
                "ipv6_cidr_block": "",
                "nat_gateway_id": "",
                "network_interface_id": "",
                "transit_gateway_id": "",
                "vpc_peering_connection_id": ""
              }
            ],
            "tags": {
              "Name": "rtb-pub"
            },
            "vpc_id": "vpc-0e239b10f8a6bfdc9"
          },
          "private": "bnVsbA==",
          "depends_on": [
            "aws_internet_gateway.igw",
            "aws_vpc.vpc"
          ]
        }
      ]
    },
    {
      "mode": "managed",
      "type": "aws_route_table_association",
      "name": "private-a",
      "provider": "provider.aws",
      "instances": [
        {
          "schema_version": 0,
          "attributes": {
            "gateway_id": null,
            "id": "rtbassoc-05da717c5e317e849",
            "route_table_id": "rtb-0133abaa6a449a2a7",
            "subnet_id": "subnet-0df11a8061534b927"
          },
          "private": "bnVsbA==",
          "depends_on": [
            "aws_route_table.private-a",
            "aws_subnet.private-a"
          ]
        }
      ]
    },
    {
      "mode": "managed",
      "type": "aws_route_table_association",
      "name": "public-a",
      "provider": "provider.aws",
      "instances": [
        {
          "schema_version": 0,
          "attributes": {
            "gateway_id": null,
            "id": "rtbassoc-0831e244eff04a7d5",
            "route_table_id": "rtb-099b78c19c59321bc",
            "subnet_id": "subnet-0b934c70b6b439cd6"
          },
          "private": "bnVsbA==",
          "depends_on": [
            "aws_route_table.public-a",
            "aws_subnet.public-a"
          ]
        }
      ]
    },
    {
      "mode": "managed",
      "type": "aws_security_group",
      "name": "priv-a",
      "provider": "provider.aws",
      "instances": [
        {
          "schema_version": 1,
          "attributes": {
            "arn": "arn:aws:ec2:ap-northeast-1:507009835379:security-group/sg-07b77a625157ba0ef",
            "description": "Managed by Terraform",
            "egress": [
              {
                "cidr_blocks": [
                  "0.0.0.0/0"
                ],
                "description": "",
                "from_port": 0,
                "ipv6_cidr_blocks": [],
                "prefix_list_ids": [],
                "protocol": "-1",
                "security_groups": [],
                "self": false,
                "to_port": 0
              }
            ],
            "id": "sg-07b77a625157ba0ef",
            "ingress": [
              {
                "cidr_blocks": [
                  "10.0.1.0/24"
                ],
                "description": "",
                "from_port": 22,
                "ipv6_cidr_blocks": [],
                "prefix_list_ids": [],
                "protocol": "tcp",
                "security_groups": [],
                "self": false,
                "to_port": 22
              }
            ],
            "name": "sg_priv-a",
            "name_prefix": null,
            "owner_id": "507009835379",
            "revoke_rules_on_delete": false,
            "tags": {
              "Name": "sg-priv-a"
            },
            "timeouts": null,
            "vpc_id": "vpc-0e239b10f8a6bfdc9"
          },
          "private": "eyJlMmJmYjczMC1lY2FhLTExZTYtOGY4OC0zNDM2M2JjN2M0YzAiOnsiY3JlYXRlIjo2MDAwMDAwMDAwMDAsImRlbGV0ZSI6NjAwMDAwMDAwMDAwfSwic2NoZW1hX3ZlcnNpb24iOiIxIn0=",
          "depends_on": [
            "aws_vpc.vpc"
          ]
        }
      ]
    },
    {
      "mode": "managed",
      "type": "aws_security_group",
      "name": "pub-a",
      "provider": "provider.aws",
      "instances": [
        {
          "schema_version": 1,
          "attributes": {
            "arn": "arn:aws:ec2:ap-northeast-1:507009835379:security-group/sg-0364c6d9089c8a63d",
            "description": "Managed by Terraform",
            "egress": [
              {
                "cidr_blocks": [
                  "0.0.0.0/0"
                ],
                "description": "",
                "from_port": 0,
                "ipv6_cidr_blocks": [],
                "prefix_list_ids": [],
                "protocol": "-1",
                "security_groups": [],
                "self": false,
                "to_port": 0
              }
            ],
            "id": "sg-0364c6d9089c8a63d",
            "ingress": [
              {
                "cidr_blocks": [
                  "106.72.165.97/32"
                ],
                "description": "",
                "from_port": 22,
                "ipv6_cidr_blocks": [],
                "prefix_list_ids": [],
                "protocol": "tcp",
                "security_groups": [],
                "self": false,
                "to_port": 22
              },
              {
                "cidr_blocks": [
                  "106.72.165.97/32"
                ],
                "description": "",
                "from_port": 80,
                "ipv6_cidr_blocks": [],
                "prefix_list_ids": [],
                "protocol": "tcp",
                "security_groups": [],
                "self": false,
                "to_port": 80
              }
            ],
            "name": "sg_pub-a",
            "name_prefix": null,
            "owner_id": "507009835379",
            "revoke_rules_on_delete": false,
            "tags": {
              "Name": "sg-pub-a"
            },
            "timeouts": null,
            "vpc_id": "vpc-0e239b10f8a6bfdc9"
          },
          "private": "eyJlMmJmYjczMC1lY2FhLTExZTYtOGY4OC0zNDM2M2JjN2M0YzAiOnsiY3JlYXRlIjo2MDAwMDAwMDAwMDAsImRlbGV0ZSI6NjAwMDAwMDAwMDAwfSwic2NoZW1hX3ZlcnNpb24iOiIxIn0=",
          "depends_on": [
            "aws_vpc.vpc"
          ]
        }
      ]
    },
    {
      "mode": "managed",
      "type": "aws_security_group",
      "name": "rds-sg",
      "provider": "provider.aws",
      "instances": [
        {
          "schema_version": 1,
          "attributes": {
            "arn": "arn:aws:ec2:ap-northeast-1:507009835379:security-group/sg-06d07b121797005f8",
            "description": "Managed by Terraform",
            "egress": [
              {
                "cidr_blocks": [
                  "0.0.0.0/0"
                ],
                "description": "",
                "from_port": 0,
                "ipv6_cidr_blocks": [],
                "prefix_list_ids": [],
                "protocol": "-1",
                "security_groups": [],
                "self": false,
                "to_port": 0
              }
            ],
            "id": "sg-06d07b121797005f8",
            "ingress": [
              {
                "cidr_blocks": [
                  "10.0.2.0/24"
                ],
                "description": "",
                "from_port": 3306,
                "ipv6_cidr_blocks": [],
                "prefix_list_ids": [],
                "protocol": "tcp",
                "security_groups": [],
                "self": false,
                "to_port": 3306
              }
            ],
            "name": "rds-sg",
            "name_prefix": null,
            "owner_id": "507009835379",
            "revoke_rules_on_delete": false,
            "tags": {
              "Name": "rds-sg"
            },
            "timeouts": null,
            "vpc_id": "vpc-0e239b10f8a6bfdc9"
          },
          "private": "eyJlMmJmYjczMC1lY2FhLTExZTYtOGY4OC0zNDM2M2JjN2M0YzAiOnsiY3JlYXRlIjo2MDAwMDAwMDAwMDAsImRlbGV0ZSI6NjAwMDAwMDAwMDAwfSwic2NoZW1hX3ZlcnNpb24iOiIxIn0=",
          "depends_on": [
            "aws_vpc.vpc"
          ]
        }
      ]
    },
    {
      "mode": "managed",
      "type": "aws_security_group_rule",
      "name": "egress-rds-sg",
      "provider": "provider.aws",
      "instances": [
        {
          "schema_version": 2,
          "attributes": {
            "cidr_blocks": [
              "0.0.0.0/0"
            ],
            "description": "",
            "from_port": 0,
            "id": "sgrule-3961692115",
            "ipv6_cidr_blocks": [],
            "prefix_list_ids": [],
            "protocol": "-1",
            "security_group_id": "sg-06d07b121797005f8",
            "self": false,
            "source_security_group_id": null,
            "to_port": 0,
            "type": "egress"
          },
          "private": "eyJzY2hlbWFfdmVyc2lvbiI6IjIifQ==",
          "depends_on": [
            "aws_security_group.rds-sg"
          ]
        }
      ]
    },
    {
      "mode": "managed",
      "type": "aws_security_group_rule",
      "name": "ingress-priv-a-22",
      "provider": "provider.aws",
      "instances": [
        {
          "schema_version": 2,
          "attributes": {
            "cidr_blocks": [
              "10.0.1.0/24"
            ],
            "description": "",
            "from_port": 22,
            "id": "sgrule-4168373418",
            "ipv6_cidr_blocks": [],
            "prefix_list_ids": [],
            "protocol": "tcp",
            "security_group_id": "sg-07b77a625157ba0ef",
            "self": false,
            "source_security_group_id": null,
            "to_port": 22,
            "type": "ingress"
          },
          "private": "eyJzY2hlbWFfdmVyc2lvbiI6IjIifQ==",
          "depends_on": [
            "aws_security_group.priv-a"
          ]
        }
      ]
    },
    {
      "mode": "managed",
      "type": "aws_security_group_rule",
      "name": "ingress-pub-a-22",
      "provider": "provider.aws",
      "instances": [
        {
          "schema_version": 2,
          "attributes": {
            "cidr_blocks": [
              "106.72.165.97/32"
            ],
            "description": "",
            "from_port": 22,
            "id": "sgrule-2333490062",
            "ipv6_cidr_blocks": [],
            "prefix_list_ids": [],
            "protocol": "tcp",
            "security_group_id": "sg-0364c6d9089c8a63d",
            "self": false,
            "source_security_group_id": null,
            "to_port": 22,
            "type": "ingress"
          },
          "private": "eyJzY2hlbWFfdmVyc2lvbiI6IjIifQ==",
          "depends_on": [
            "aws_security_group.pub-a"
          ]
        }
      ]
    },
    {
      "mode": "managed",
      "type": "aws_security_group_rule",
      "name": "ingress-pub-a-80",
      "provider": "provider.aws",
      "instances": [
        {
          "schema_version": 2,
          "attributes": {
            "cidr_blocks": [
              "106.72.165.97/32"
            ],
            "description": "",
            "from_port": 80,
            "id": "sgrule-2315581909",
            "ipv6_cidr_blocks": [],
            "prefix_list_ids": [],
            "protocol": "tcp",
            "security_group_id": "sg-0364c6d9089c8a63d",
            "self": false,
            "source_security_group_id": null,
            "to_port": 80,
            "type": "ingress"
          },
          "private": "eyJzY2hlbWFfdmVyc2lvbiI6IjIifQ==",
          "depends_on": [
            "aws_security_group.pub-a"
          ]
        }
      ]
    },
    {
      "mode": "managed",
      "type": "aws_security_group_rule",
      "name": "ingress-rds-3306",
      "provider": "provider.aws",
      "instances": [
        {
          "schema_version": 2,
          "attributes": {
            "cidr_blocks": [
              "10.0.2.0/24"
            ],
            "description": "",
            "from_port": 3306,
            "id": "sgrule-218122771",
            "ipv6_cidr_blocks": [],
            "prefix_list_ids": [],
            "protocol": "tcp",
            "security_group_id": "sg-06d07b121797005f8",
            "self": false,
            "source_security_group_id": null,
            "to_port": 3306,
            "type": "ingress"
          },
          "private": "eyJzY2hlbWFfdmVyc2lvbiI6IjIifQ==",
          "depends_on": [
            "aws_security_group.rds-sg"
          ]
        }
      ]
    },
    {
      "mode": "managed",
      "type": "aws_security_group_rule",
      "name": "priv-a",
      "provider": "provider.aws",
      "instances": [
        {
          "schema_version": 2,
          "attributes": {
            "cidr_blocks": [
              "0.0.0.0/0"
            ],
            "description": "",
            "from_port": 0,
            "id": "sgrule-637369792",
            "ipv6_cidr_blocks": [],
            "prefix_list_ids": [],
            "protocol": "-1",
            "security_group_id": "sg-07b77a625157ba0ef",
            "self": false,
            "source_security_group_id": null,
            "to_port": 0,
            "type": "egress"
          },
          "private": "eyJzY2hlbWFfdmVyc2lvbiI6IjIifQ==",
          "depends_on": [
            "aws_security_group.priv-a"
          ]
        }
      ]
    },
    {
      "mode": "managed",
      "type": "aws_security_group_rule",
      "name": "sg-egress-pub-a",
      "provider": "provider.aws",
      "instances": [
        {
          "schema_version": 2,
          "attributes": {
            "cidr_blocks": [
              "0.0.0.0/0"
            ],
            "description": "",
            "from_port": 0,
            "id": "sgrule-2029579587",
            "ipv6_cidr_blocks": [],
            "prefix_list_ids": [],
            "protocol": "-1",
            "security_group_id": "sg-0364c6d9089c8a63d",
            "self": false,
            "source_security_group_id": null,
            "to_port": 0,
            "type": "egress"
          },
          "private": "eyJzY2hlbWFfdmVyc2lvbiI6IjIifQ==",
          "depends_on": [
            "aws_security_group.pub-a"
          ]
        }
      ]
    },
    {
      "mode": "managed",
      "type": "aws_subnet",
      "name": "dbsub-a",
      "provider": "provider.aws",
      "instances": [
        {
          "schema_version": 1,
          "attributes": {
            "arn": "arn:aws:ec2:ap-northeast-1:507009835379:subnet/subnet-05f67b1035ba38ffa",
            "assign_ipv6_address_on_creation": false,
            "availability_zone": "ap-northeast-1a",
            "availability_zone_id": "apne1-az4",
            "cidr_block": "10.0.3.0/24",
            "id": "subnet-05f67b1035ba38ffa",
            "ipv6_cidr_block": "",
            "ipv6_cidr_block_association_id": "",
            "map_public_ip_on_launch": false,
            "outpost_arn": "",
            "owner_id": "507009835379",
            "tags": {
              "Name": "db-subnet-1a"
            },
            "timeouts": null,
            "vpc_id": "vpc-0e239b10f8a6bfdc9"
          },
          "private": "eyJlMmJmYjczMC1lY2FhLTExZTYtOGY4OC0zNDM2M2JjN2M0YzAiOnsiY3JlYXRlIjo2MDAwMDAwMDAwMDAsImRlbGV0ZSI6MTIwMDAwMDAwMDAwMH0sInNjaGVtYV92ZXJzaW9uIjoiMSJ9",
          "depends_on": [
            "aws_vpc.vpc"
          ]
        }
      ]
    },
    {
      "mode": "managed",
      "type": "aws_subnet",
      "name": "dbsub-c",
      "provider": "provider.aws",
      "instances": [
        {
          "schema_version": 1,
          "attributes": {
            "arn": "arn:aws:ec2:ap-northeast-1:507009835379:subnet/subnet-08f99611525c90c5e",
            "assign_ipv6_address_on_creation": false,
            "availability_zone": "ap-northeast-1c",
            "availability_zone_id": "apne1-az1",
            "cidr_block": "10.0.4.0/24",
            "id": "subnet-08f99611525c90c5e",
            "ipv6_cidr_block": "",
            "ipv6_cidr_block_association_id": "",
            "map_public_ip_on_launch": false,
            "outpost_arn": "",
            "owner_id": "507009835379",
            "tags": {
              "Name": "db-subnet-1c"
            },
            "timeouts": null,
            "vpc_id": "vpc-0e239b10f8a6bfdc9"
          },
          "private": "eyJlMmJmYjczMC1lY2FhLTExZTYtOGY4OC0zNDM2M2JjN2M0YzAiOnsiY3JlYXRlIjo2MDAwMDAwMDAwMDAsImRlbGV0ZSI6MTIwMDAwMDAwMDAwMH0sInNjaGVtYV92ZXJzaW9uIjoiMSJ9",
          "depends_on": [
            "aws_vpc.vpc"
          ]
        }
      ]
    },
    {
      "mode": "managed",
      "type": "aws_subnet",
      "name": "private-a",
      "provider": "provider.aws",
      "instances": [
        {
          "schema_version": 1,
          "attributes": {
            "arn": "arn:aws:ec2:ap-northeast-1:507009835379:subnet/subnet-0df11a8061534b927",
            "assign_ipv6_address_on_creation": false,
            "availability_zone": "ap-northeast-1a",
            "availability_zone_id": "apne1-az4",
            "cidr_block": "10.0.2.0/24",
            "id": "subnet-0df11a8061534b927",
            "ipv6_cidr_block": "",
            "ipv6_cidr_block_association_id": "",
            "map_public_ip_on_launch": false,
            "outpost_arn": "",
            "owner_id": "507009835379",
            "tags": {},
            "timeouts": null,
            "vpc_id": "vpc-0e239b10f8a6bfdc9"
          },
          "private": "eyJlMmJmYjczMC1lY2FhLTExZTYtOGY4OC0zNDM2M2JjN2M0YzAiOnsiY3JlYXRlIjo2MDAwMDAwMDAwMDAsImRlbGV0ZSI6MTIwMDAwMDAwMDAwMH0sInNjaGVtYV92ZXJzaW9uIjoiMSJ9",
          "depends_on": [
            "aws_vpc.vpc"
          ]
        }
      ]
    },
    {
      "mode": "managed",
      "type": "aws_subnet",
      "name": "public-a",
      "provider": "provider.aws",
      "instances": [
        {
          "schema_version": 1,
          "attributes": {
            "arn": "arn:aws:ec2:ap-northeast-1:507009835379:subnet/subnet-0b934c70b6b439cd6",
            "assign_ipv6_address_on_creation": false,
            "availability_zone": "ap-northeast-1a",
            "availability_zone_id": "apne1-az4",
            "cidr_block": "10.0.1.0/24",
            "id": "subnet-0b934c70b6b439cd6",
            "ipv6_cidr_block": "",
            "ipv6_cidr_block_association_id": "",
            "map_public_ip_on_launch": false,
            "outpost_arn": "",
            "owner_id": "507009835379",
            "tags": {},
            "timeouts": null,
            "vpc_id": "vpc-0e239b10f8a6bfdc9"
          },
          "private": "eyJlMmJmYjczMC1lY2FhLTExZTYtOGY4OC0zNDM2M2JjN2M0YzAiOnsiY3JlYXRlIjo2MDAwMDAwMDAwMDAsImRlbGV0ZSI6MTIwMDAwMDAwMDAwMH0sInNjaGVtYV92ZXJzaW9uIjoiMSJ9",
          "depends_on": [
            "aws_vpc.vpc"
          ]
        }
      ]
    },
    {
      "mode": "managed",
      "type": "aws_vpc",
      "name": "int",
      "provider": "provider.aws",
      "instances": [
        {
          "schema_version": 1,
          "attributes": {
            "arn": "arn:aws:ec2:ap-northeast-1:507009835379:vpc/vpc-0eb8da74ac3286cdf",
            "assign_generated_ipv6_cidr_block": false,
            "cidr_block": "11.0.0.0/16",
            "default_network_acl_id": "acl-0eb58cd1b70229927",
            "default_route_table_id": "rtb-0ddfe09d0f7c31732",
            "default_security_group_id": "sg-0cb75d8de6a6ac0e1",
            "dhcp_options_id": "dopt-413d7626",
            "enable_classiclink": false,
            "enable_classiclink_dns_support": false,
            "enable_dns_hostnames": true,
            "enable_dns_support": true,
            "id": "vpc-0eb8da74ac3286cdf",
            "instance_tenancy": "default",
            "ipv6_association_id": "",
            "ipv6_cidr_block": "",
            "main_route_table_id": "rtb-0ddfe09d0f7c31732",
            "owner_id": "507009835379",
            "tags": {
              "Name": "internal-vpc"
            }
          },
          "private": "eyJzY2hlbWFfdmVyc2lvbiI6IjEifQ=="
        }
      ]
    },
    {
      "mode": "managed",
      "type": "aws_vpc",
      "name": "vpc",
      "provider": "provider.aws",
      "instances": [
        {
          "schema_version": 1,
          "attributes": {
            "arn": "arn:aws:ec2:ap-northeast-1:507009835379:vpc/vpc-0e239b10f8a6bfdc9",
            "assign_generated_ipv6_cidr_block": false,
            "cidr_block": "10.0.0.0/16",
            "default_network_acl_id": "acl-00921f4a5816042a1",
            "default_route_table_id": "rtb-059686eb5db5b290c",
            "default_security_group_id": "sg-0268d92d7979f2a73",
            "dhcp_options_id": "dopt-413d7626",
            "enable_classiclink": false,
            "enable_classiclink_dns_support": false,
            "enable_dns_hostnames": true,
            "enable_dns_support": true,
            "id": "vpc-0e239b10f8a6bfdc9",
            "instance_tenancy": "default",
            "ipv6_association_id": "",
            "ipv6_cidr_block": "",
            "main_route_table_id": "rtb-059686eb5db5b290c",
            "owner_id": "507009835379",
            "tags": {
              "Name": "dev-vpc"
            }
          },
          "private": "eyJzY2hlbWFfdmVyc2lvbiI6IjEifQ=="
        }
      ]
    }
  ]
}
